
Microsoft Visual Studio Solution File, Format Version 12.00
# Visual Studio Express 2012 for Web
Project("{FAE04EC0-301F-11D3-BF4B-00C04F79EFBC}") = "RealWorldOAuthDemo", "RealWorldOAuthDemo\RealWorldOAuthDemo.csproj", "{4021C369-0D60-4EB7-B5DE-4C282DAEBCD5}"
EndProject
Global
	GlobalSection(SolutionConfigurationPlatforms) = preSolution
		Debug|Any CPU = Debug|Any CPU
		Release|Any CPU = Release|Any CPU
	EndGlobalSection
	GlobalSection(ProjectConfigurationPlatforms) = postSolution
		{4021C369-0D60-4EB7-B5DE-4C282DAEBCD5}.Debug|Any CPU.ActiveCfg = Debug|Any CPU
		{4021C369-0D60-4EB7-B5DE-4C282DAEBCD5}.Debug|Any CPU.Build.0 = Debug|Any CPU
		{4021C369-0D60-4EB7-B5DE-4C282DAEBCD5}.Release|Any CPU.ActiveCfg = Release|Any CPU
		{4021C369-0D60-4EB7-B5DE-4C282DAEBCD5}.Release|Any CPU.Build.0 = Release|Any CPU
	EndGlobalSection
	GlobalSection(SolutionProperties) = preSolution
		HideSolutionNode = FALSE
	EndGlobalSection
EndGlobal
